
Microsoft Visual Studio Solution File, Format Version 12.00
Project("{FAE04EC0-301F-11D3-BF4B-00C04F79EFBC}") = "connect4", "connect4\connect4.csproj", "{9188C0BF-F9B0-4822-BC3C-7E431AD65B53}"
EndProject
Global
	GlobalSection(SolutionConfigurationPlatforms) = preSolution
		Debug|Any CPU = Debug|Any CPU
		Release|Any CPU = Release|Any CPU
	EndGlobalSection
	GlobalSection(ProjectConfigurationPlatforms) = postSolution
		{9188C0BF-F9B0-4822-BC3C-7E431AD65B53}.Debug|Any CPU.ActiveCfg = Debug|Any CPU
		{9188C0BF-F9B0-4822-BC3C-7E431AD65B53}.Debug|Any CPU.Build.0 = Debug|Any CPU
		{9188C0BF-F9B0-4822-BC3C-7E431AD65B53}.Release|Any CPU.ActiveCfg = Release|Any CPU
		{9188C0BF-F9B0-4822-BC3C-7E431AD65B53}.Release|Any CPU.Build.0 = Release|Any CPU
	EndGlobalSection
EndGlobal
